lockfileVersion: '9.0'

settings:
  autoInstallPeers: true
  excludeLinksFromLockfile: false

importers:

  .:
    devDependencies:
      '@moonrepo/cli':
        specifier: ^1.29.0
        version: 1.41.7
      typescript:
        specifier: ^5.3.3
        version: 5.9.3

packages:

  '@moonrepo/cli@1.41.7':
    resolution: {integrity: sha512-zZdE/2m/V/33B3DZOhsuNwRPme+WZiEpggcK6N2og6FCezD/4AxNjc9uZNPBAj2qaDFl3Q+bgtfrHBjdKy4ilg==}
    hasBin: true

  '@moonrepo/core-linux-arm64-gnu@1.41.7':
    resolution: {integrity: sha512-Opa+jmNLYsHMRlJcmIn78kKY+76CT/93BvynxuMICPfaQqJTAR/5WPGre1omehGlkg5rbiVshsNTiaa+2bHzpA==}
    cpu: [arm64]
    os: [linux]

  '@moonrepo/core-linux-arm64-musl@1.41.7':
    resolution: {integrity: sha512-0ipCRwg75iFWfsjxIYY9IAm/cMoUy9iUk/qs2+JhruFeDrY6tCdV9Nyo8F2h45WC+/2qwZ7IMEdfWNPJT0TSyA==}
    cpu: [arm64]
    os: [linux]

  '@moonrepo/core-linux-x64-gnu@1.41.7':
    resolution: {integrity: sha512-iHLaZF0ryKhFTf5G/dFrQHPEFII9p88pXXUl17U9tjfeziFyksbdkQrZhNv6sfbE0bDJGPA3H5TEMR93ZwXo/A==}
    cpu: [x64]
    os: [linux]

  '@moonrepo/core-linux-x64-musl@1.41.7':
    resolution: {integrity: sha512-0nZMjOBBSGHNUSIGcCBrfxgKVmeZQjmXpeMVfO3YG9e2irFR2neHbNIud6vLapC+StgV2UbrKoExR+HRtoyzuA==}
    cpu: [x64]
    os: [linux]

  '@moonrepo/core-macos-arm64@1.41.7':
    resolution: {integrity: sha512-Z6okifZS8MA6aXFQ1q/Ej45aAq6i2riDgqWB9CmBVqV7JIdJMLP4++ir+FqGu9S0G34SFgspV0g+mrfFgR+/Nw==}
    cpu: [arm64]
    os: [darwin]

  '@moonrepo/core-macos-x64@1.41.7':
    resolution: {integrity: sha512-mOHO4/Ag331oVAxg1QNfaWCNfrKdy6HsUJXNY11ERvpNsi0Fh+qnZ+if3ZiC9jwUdwjw2MvtCRxrlXgtI/shrQ==}
    cpu: [x64]
    os: [darwin]

  '@moonrepo/core-windows-x64-msvc@1.41.7':
    resolution: {integrity: sha512-p7CiKyWh4j1lhdF81vcacQmgPLV/di3nU5QXjg1lL2mF296HMx4H8sOlcxD/RieGfFW0Qfg5zIreugCHCNUCeA==}
    cpu: [x64]
    os: [win32]

  detect-libc@2.1.2:
    resolution: {integrity: sha512-Btj2BOOO83o3WyH59e8MgXsxEQVcarkUOpEYrubB0urwnN10yQ364rsiByU11nZlqWYZm05i/of7io4mzihBtQ==}
    engines: {node: '>=8'}

  typescript@5.9.3:
    resolution: {integrity: sha512-jl1vZzPDinLr9eUt3J/t7V6FgNEw9QjvBPdysz9KfQDD41fQrC2Y4vKQdiaUpFT4bXlb1RHhLpp8wtm6M5TgSw==}
    engines: {node: '>=14.17'}
    hasBin: true

snapshots:

  '@moonrepo/cli@1.41.7':
    dependencies:
      detect-libc: 2.1.2
    optionalDependencies:
      '@moonrepo/core-linux-arm64-gnu': 1.41.7
      '@moonrepo/core-linux-arm64-musl': 1.41.7
      '@moonrepo/core-linux-x64-gnu': 1.41.7
      '@moonrepo/core-linux-x64-musl': 1.41.7
      '@moonrepo/core-macos-arm64': 1.41.7
      '@moonrepo/core-macos-x64': 1.41.7
      '@moonrepo/core-windows-x64-msvc': 1.41.7

  '@moonrepo/core-linux-arm64-gnu@1.41.7':
    optional: true

  '@moonrepo/core-linux-arm64-musl@1.41.7':
    optional: true

  '@moonrepo/core-linux-x64-gnu@1.41.7':
    optional: true

  '@moonrepo/core-linux-x64-musl@1.41.7':
    optional: true

  '@moonrepo/core-macos-arm64@1.41.7':
    optional: true

  '@moonrepo/core-macos-x64@1.41.7':
    optional: true

  '@moonrepo/core-windows-x64-msvc@1.41.7':
    optional: true

  detect-libc@2.1.2: {}

  typescript@5.9.3: {}
